
Microsoft Visual Studio Solution File, Format Version 12.00
# Visual Studio Version 16
VisualStudioVersion = 16.0.29519.181
MinimumVisualStudioVersion = 10.0.40219.1
Project("{FAE04EC0-301F-11D3-BF4B-00C04F79EFBC}") = "TestingCoreApplication", "TestingCoreApplication.csproj", "{580DE1A2-CD77-47C3-AA6C-2BCAD769FEAA}"
EndProject
Global
	GlobalSection(SolutionConfigurationPlatforms) = preSolution
		Debug|Any CPU = Debug|Any CPU
		Release|Any CPU = Release|Any CPU
	EndGlobalSection
	GlobalSection(ProjectConfigurationPlatforms) = postSolution
		{580DE1A2-CD77-47C3-AA6C-2BCAD769FEAA}.Debug|Any CPU.ActiveCfg = Debug|Any CPU
		{580DE1A2-CD77-47C3-AA6C-2BCAD769FEAA}.Debug|Any CPU.Build.0 = Debug|Any CPU
		{580DE1A2-CD77-47C3-AA6C-2BCAD769FEAA}.Release|Any CPU.ActiveCfg = Release|Any CPU
		{580DE1A2-CD77-47C3-AA6C-2BCAD769FEAA}.Release|Any CPU.Build.0 = Release|Any CPU
	EndGlobalSection
	GlobalSection(SolutionProperties) = preSolution
		HideSolutionNode = FALSE
	EndGlobalSection
	GlobalSection(ExtensibilityGlobals) = postSolution
		SolutionGuid = {1B9DD312-29C0-4329-A5FD-E1ECD76B8527}
	EndGlobalSection
EndGlobal
